
Microsoft Visual Studio Solution File, Format Version 12.00
Project("{FAE04EC0-301F-11D3-BF4B-00C04F79EFBC}") = "BankingSystem.DAL", "BankingSystem.DAL\BankingSystem.DAL.csproj", "{AA59D169-CEFD-4433-8477-EA62CFBB0503}"
EndProject
Project("{FAE04EC0-301F-11D3-BF4B-00C04F79EFBC}") = "BankingSystem.BLL", "BankingSystem.BLL\BankingSystem.BLL.csproj", "{CF394DB5-A84B-49EC-B470-3FBBC7F6F500}"
EndProject
Project("{FAE04EC0-301F-11D3-BF4B-00C04F79EFBC}") = "BankingSystem.UI", "BankingSystem.UI\BankingSystem.UI.csproj", "{8D0126CD-F39D-42A7-A1CF-BEB8CAA46DB4}"
EndProject
Global
	GlobalSection(SolutionConfigurationPlatforms) = preSolution
		Debug|Any CPU = Debug|Any CPU
		Release|Any CPU = Release|Any CPU
	EndGlobalSection
	GlobalSection(ProjectConfigurationPlatforms) = postSolution
		{AA59D169-CEFD-4433-8477-EA62CFBB0503}.Debug|Any CPU.ActiveCfg = Debug|Any CPU
		{AA59D169-CEFD-4433-8477-EA62CFBB0503}.Debug|Any CPU.Build.0 = Debug|Any CPU
		{AA59D169-CEFD-4433-8477-EA62CFBB0503}.Release|Any CPU.ActiveCfg = Release|Any CPU
		{AA59D169-CEFD-4433-8477-EA62CFBB0503}.Release|Any CPU.Build.0 = Release|Any CPU
		{CF394DB5-A84B-49EC-B470-3FBBC7F6F500}.Debug|Any CPU.ActiveCfg = Debug|Any CPU
		{CF394DB5-A84B-49EC-B470-3FBBC7F6F500}.Debug|Any CPU.Build.0 = Debug|Any CPU
		{CF394DB5-A84B-49EC-B470-3FBBC7F6F500}.Release|Any CPU.ActiveCfg = Release|Any CPU
		{CF394DB5-A84B-49EC-B470-3FBBC7F6F500}.Release|Any CPU.Build.0 = Release|Any CPU
		{8D0126CD-F39D-42A7-A1CF-BEB8CAA46DB4}.Debug|Any CPU.ActiveCfg = Debug|Any CPU
		{8D0126CD-F39D-42A7-A1CF-BEB8CAA46DB4}.Debug|Any CPU.Build.0 = Debug|Any CPU
		{8D0126CD-F39D-42A7-A1CF-BEB8CAA46DB4}.Release|Any CPU.ActiveCfg = Release|Any CPU
		{8D0126CD-F39D-42A7-A1CF-BEB8CAA46DB4}.Release|Any CPU.Build.0 = Release|Any CPU
	EndGlobalSection
EndGlobal
